// !$*UTF8*$!
{
	archiveVersion = 1;
	classes = {
	};
	objectVersion = 46;
	objects = {

/* Begin PBXBuildFile section */
		0384301E1E55DCB80095FA6C /* AppDelegate.swift in Sources */ = {isa = PBXBuildFile; fileRef = 0384301D1E55DCB80095FA6C /* AppDelegate.swift */; };
		038430201E55DCB80095FA6C /* ViewController.swift in Sources */ = {isa = PBXBuildFile; fileRef = 0384301F1E55DCB80095FA6C /* ViewController.swift */; };
		038430231E55DCB80095FA6C /* Main.storyboard in Resources */ = {isa = PBXBuildFile; fileRef = 038430211E55DCB80095FA6C /* Main.storyboard */; };
		038430261E55DCB80095FA6C /* Pokemon.xcdatamodeld in Sources */ = {isa = PBXBuildFile; fileRef = 038430241E55DCB80095FA6C /* Pokemon.xcdatamodeld */; };
		038430281E55DCB80095FA6C /* Assets.xcassets in Resources */ = {isa = PBXBuildFile; fileRef = 038430271E55DCB80095FA6C /* Assets.xcassets */; };
		0384302B1E55DCB80095FA6C /* LaunchScreen.storyboard in Resources */ = {isa = PBXBuildFile; fileRef = 038430291E55DCB80095FA6C /* LaunchScreen.storyboard */; };
		038430341E55DDC70095FA6C /* MapKit.framework in Frameworks */ = {isa = PBXBuildFile; fileRef = 038430331E55DDC70095FA6C /* MapKit.framework */; };
		038430361E58B85B0095FA6C /* PokedexViewController.swift in Sources */ = {isa = PBXBuildFile; fileRef = 038430351E58B85B0095FA6C /* PokedexViewController.swift */; };
		038430381E58BEBA0095FA6C /* CoreDataHelp.swift in Sources */ = {isa = PBXBuildFile; fileRef = 038430371E58BEBA0095FA6C /* CoreDataHelp.swift */; };
		0384303A1E5B34670095FA6C /* PokeAnnotation.swift in Sources */ = {isa = PBXBuildFile; fileRef = 038430391E5B34670095FA6C /* PokeAnnotation.swift */; };
/* End PBXBuildFile section */

/* Begin PBXFileReference section */
		0384301A1E55DCB80095FA6C /* Pokemon.app */ = {isa = PBXFileReference; explicitFileType = wrapper.application; includeInIndex = 0; path = Pokemon.app; sourceTree = BUILT_PRODUCTS_DIR; };
		0384301D1E55DCB80095FA6C /* AppDelegate.swift */ = {isa = PBXFileReference; lastKnownFileType = sourcecode.swift; path = AppDelegate.swift; sourceTree = "<group>"; };
		0384301F1E55DCB80095FA6C /* ViewController.swift */ = {isa = PBXFileReference; lastKnownFileType = sourcecode.swift; path = ViewController.swift; sourceTree = "<group>"; };
		038430221E55DCB80095FA6C /* Base */ = {isa = PBXFileReference; lastKnownFileType = file.storyboard; name = Base; path = Base.lproj/Main.storyboard; sourceTree = "<group>"; };
		038430251E55DCB80095FA6C /* Pokemon.xcdatamodel */ = {isa = PBXFileReference; lastKnownFileType = wrapper.xcdatamodel; path = Pokemon.xcdatamodel; sourceTree = "<group>"; };
		038430271E55DCB80095FA6C /* Assets.xcassets */ = {isa = PBXFileReference; lastKnownFileType = folder.assetcatalog; path = Assets.xcassets; sourceTree = "<group>"; };
		0384302A1E55DCB80095FA6C /* Base */ = {isa = PBXFileReference; lastKnownFileType = file.storyboard; name = Base; path = Base.lproj/LaunchScreen.storyboard; sourceTree = "<group>"; };
		0384302C1E55DCB80095FA6C /* Info.plist */ = {isa = PBXFileReference; lastKnownFileType = text.plist.xml; path = Info.plist; sourceTree = "<group>"; };
		038430331E55DDC70095FA6C /* MapKit.framework */ = {isa = PBXFileReference; lastKnownFileType = wrapper.framework; name = MapKit.framework; path = System/Library/Frameworks/MapKit.framework; sourceTree = SDKROOT; };
		038430351E58B85B0095FA6C /* PokedexViewController.swift */ = {isa = PBXFileReference; fileEncoding = 4; lastKnownFileType = sourcecode.swift; path = PokedexViewController.swift; sourceTree = "<group>"; };
		038430371E58BEBA0095FA6C /* CoreDataHelp.swift */ = {isa = PBXFileReference; fileEncoding = 4; lastKnownFileType = sourcecode.swift; path = CoreDataHelp.swift; sourceTree = "<group>"; };
		038430391E5B34670095FA6C /* PokeAnnotation.swift */ = {isa = PBXFileReference; fileEncoding = 4; lastKnownFileType = sourcecode.swift; path = PokeAnnotation.swift; sourceTree = "<group>"; };
/* End PBXFileReference section */

/* Begin PBXFrameworksBuildPhase section */
		038430171E55DCB80095FA6C /* Frameworks */ = {
			isa = PBXFrameworksBuildPhase;
			buildActionMask = 2147483647;
			files = (
				038430341E55DDC70095FA6C /* MapKit.framework in Frameworks */,
			);
			runOnlyForDeploymentPostprocessing = 0;
		};
/* End PBXFrameworksBuildPhase section */

/* Begin PBXGroup section */
		038430111E55DCB80095FA6C = {
			isa = PBXGroup;
			children = (
				0384301C1E55DCB80095FA6C /* Pokemon */,
				0384301B1E55DCB80095FA6C /* Products */,
				038430321E55DDC70095FA6C /* Frameworks */,
			);
			sourceTree = "<group>";
		};
		0384301B1E55DCB80095FA6C /* Products */ = {
			isa = PBXGroup;
			children = (
				0384301A1E55DCB80095FA6C /* Pokemon.app */,
			);
			name = Products;
			sourceTree = "<group>";
		};
		0384301C1E55DCB80095FA6C /* Pokemon */ = {
			isa = PBXGroup;
			children = (
				0384301D1E55DCB80095FA6C /* AppDelegate.swift */,
				0384301F1E55DCB80095FA6C /* ViewController.swift */,
				038430351E58B85B0095FA6C /* PokedexViewController.swift */,
				038430371E58BEBA0095FA6C /* CoreDataHelp.swift */,
				038430391E5B34670095FA6C /* PokeAnnotation.swift */,
				038430211E55DCB80095FA6C /* Main.storyboard */,
				038430271E55DCB80095FA6C /* Assets.xcassets */,
				038430291E55DCB80095FA6C /* LaunchScreen.storyboard */,
				0384302C1E55DCB80095FA6C /* Info.plist */,
				038430241E55DCB80095FA6C /* Pokemon.xcdatamodeld */,
			);
			path = Pokemon;
			sourceTree = "<group>";
		};
		038430321E55DDC70095FA6C /* Frameworks */ = {
			isa = PBXGroup;
			children = (
				038430331E55DDC70095FA6C /* MapKit.framework */,
			);
			name = Frameworks;
			sourceTree = "<group>";
		};
/* End PBXGroup section */

/* Begin PBXNativeTarget section */
		038430191E55DCB80095FA6C /* Pokemon */ = {
			isa = PBXNativeTarget;
			buildConfigurationList = 0384302F1E55DCB80095FA6C /* Build configuration list for PBXNativeTarget "Pokemon" */;
			buildPhases = (
				038430161E55DCB80095FA6C /* Sources */,
				038430171E55DCB80095FA6C /* Frameworks */,
				038430181E55DCB80095FA6C /* Resources */,
			);
			buildRules = (
			);
			dependencies = (
			);
			name = Pokemon;
			productName = Pokemon;
			productReference = 0384301A1E55DCB80095FA6C /* Pokemon.app */;
			productType = "com.apple.product-type.application";
		};
/* End PBXNativeTarget section */

/* Begin PBXProject section */
		038430121E55DCB80095FA6C /* Project object */ = {
			isa = PBXProject;
			attributes = {
				LastSwiftUpdateCheck = 0820;
				LastUpgradeCheck = 0820;
				ORGANIZATIONNAME = "Justin Allen Designs";
				TargetAttributes = {
					038430191E55DCB80095FA6C = {
						CreatedOnToolsVersion = 8.2.1;
						DevelopmentTeam = AS77V67DW7;
						ProvisioningStyle = Automatic;
					};
				};
			};
			buildConfigurationList = 038430151E55DCB80095FA6C /* Build configuration list for PBXProject "Pokemon" */;
			compatibilityVersion = "Xcode 3.2";
			developmentRegion = English;
			hasScannedForEncodings = 0;
			knownRegions = (
				en,
				Base,
			);
			mainGroup = 038430111E55DCB80095FA6C;
			productRefGroup = 0384301B1E55DCB80095FA6C /* Products */;
			projectDirPath = "";
			projectRoot = "";
			targets = (
				038430191E55DCB80095FA6C /* Pokemon */,
			);
		};
/* End PBXProject section */

/* Begin PBXResourcesBuildPhase section */
		038430181E55DCB80095FA6C /* Resources */ = {
			isa = PBXResourcesBuildPhase;
			buildActionMask = 2147483647;
			files = (
				0384302B1E55DCB80095FA6C /* LaunchScreen.storyboard in Resources */,
				038430281E55DCB80095FA6C /* Assets.xcassets in Resources */,
				038430231E55DCB80095FA6C /* Main.storyboard in Resources */,
			);
			runOnlyForDeploymentPostprocessing = 0;
		};
/* End PBXResourcesBuildPhase section */

/* Begin PBXSourcesBuildPhase section */
		038430161E55DCB80095FA6C /* Sources */ = {
			isa = PBXSourcesBuildPhase;
			buildActionMask = 2147483647;
			files = (
				038430201E55DCB80095FA6C /* ViewController.swift in Sources */,
				0384303A1E5B34670095FA6C /* PokeAnnotation.swift in Sources */,
				038430361E58B85B0095FA6C /* PokedexViewController.swift in Sources */,
				0384301E1E55DCB80095FA6C /* AppDelegate.swift in Sources */,
				038430381E58BEBA0095FA6C /* CoreDataHelp.swift in Sources */,
				038430261E55DCB80095FA6C /* Pokemon.xcdatamodeld in Sources */,
			);
			runOnlyForDeploymentPostprocessing = 0;
		};
/* End PBXSourcesBuildPhase section */

/* Begin PBXVariantGroup section */
		038430211E55DCB80095FA6C /* Main.storyboard */ = {
			isa = PBXVariantGroup;
			children = (
				038430221E55DCB80095FA6C /* Base */,
			);
			name = Main.storyboard;
			sourceTree = "<group>";
		};
		038430291E55DCB80095FA6C /* LaunchScreen.storyboard */ = {
			isa = PBXVariantGroup;
			children = (
				0384302A1E55DCB80095FA6C /* Base */,
			);
			name = LaunchScreen.storyboard;
			sourceTree = "<group>";
		};
/* End PBXVariantGroup section */

/* Begin XCBuildConfiguration section */
		0384302D1E55DCB80095FA6C /* Debug */ = {
			isa = XCBuildConfiguration;
			buildSettings = {
				ALWAYS_SEARCH_USER_PATHS = NO;
				CLANG_ANALYZER_NONNULL = YES;
				CLANG_CXX_LANGUAGE_STANDARD = "gnu++0x";
				CLANG_CXX_LIBRARY = "libc++";
				CLANG_ENABLE_MODULES = YES;
				CLANG_ENABLE_OBJC_ARC = YES;
				CLANG_WARN_BOOL_CONVERSION = YES;
				CLANG_WARN_CONSTANT_CONVERSION = YES;
				CLANG_WARN_DIRECT_OBJC_ISA_USAGE = YES_ERROR;
				CLANG_WARN_DOCUMENTATION_COMMENTS = YES;
				CLANG_WARN_EMPTY_BODY = YES;
				CLANG_WARN_ENUM_CONVERSION = YES;
				CLANG_WARN_INFINITE_RECURSION = YES;
				CLANG_WARN_INT_CONVERSION = YES;
				CLANG_WARN_OBJC_ROOT_CLASS = YES_ERROR;
				CLANG_WARN_SUSPICIOUS_MOVE = YES;
				CLANG_WARN_UNREACHABLE_CODE = YES;
				CLANG_WARN__DUPLICATE_METHOD_MATCH = YES;
				"CODE_SIGN_IDENTITY[sdk=iphoneos*]" = "iPhone Developer";
				COPY_PHASE_STRIP = NO;
				DEBUG_INFORMATION_FORMAT = dwarf;
				ENABLE_STRICT_OBJC_MSGSEND = YES;
				ENABLE_TESTABILITY = YES;
				GCC_C_LANGUAGE_STANDARD = gnu99;
				GCC_DYNAMIC_NO_PIC = NO;
				GCC_NO_COMMON_BLOCKS = YES;
				GCC_OPTIMIZATION_LEVEL = 0;
				GCC_PREPROCESSOR_DEFINITIONS = (
					"DEBUG=1",
					"$(inherited)",
				);
				GCC_WARN_64_TO_32_BIT_CONVERSION = YES;
				GCC_WARN_ABOUT_RETURN_TYPE = YES_ERROR;
				GCC_WARN_UNDECLARED_SELECTOR = YES;
				GCC_WARN_UNINITIALIZED_AUTOS = YES_AGGRESSIVE;
				GCC_WARN_UNUSED_FUNCTION = YES;
				GCC_WARN_UNUSED_VARIABLE = YES;
				IPHONEOS_DEPLOYMENT_TARGET = 10.2;
				MTL_ENABLE_DEBUG_INFO = YES;
				ONLY_ACTIVE_ARCH = YES;
				SDKROOT = iphoneos;
				SWIFT_ACTIVE_COMPILATION_CONDITIONS = DEBUG;
				SWIFT_OPTIMIZATION_LEVEL = "-Onone";
				TARGETED_DEVICE_FAMILY = "1,2";
			};
			name = Debug;
		};
		0384302E1E55DCB80095FA6C /* Release */ = {
			isa = XCBuildConfiguration;
			buildSettings = {
				ALWAYS_SEARCH_USER_PATHS = NO;
				CLANG_ANALYZER_NONNULL = YES;
				CLANG_CXX_LANGUAGE_STANDARD = "gnu++0x";
				CLANG_CXX_LIBRARY = "libc++";
				CLANG_ENABLE_MODULES = YES;
				CLANG_ENABLE_OBJC_ARC = YES;
				CLANG_WARN_BOOL_CONVERSION = YES;
				CLANG_WARN_CONSTANT_CONVERSION = YES;
				CLANG_WARN_DIRECT_OBJC_ISA_USAGE = YES_ERROR;
				CLANG_WARN_DOCUMENTATION_COMMENTS = YES;
				CLANG_WARN_EMPTY_BODY = YES;
				CLANG_WARN_ENUM_CONVERSION = YES;
				CLANG_WARN_INFINITE_RECURSION = YES;
				CLANG_WARN_INT_CONVERSION = YES;
				CLANG_WARN_OBJC_ROOT_CLASS = YES_ERROR;
				CLANG_WARN_SUSPICIOUS_MOVE = YES;
				CLANG_WARN_UNREACHABLE_CODE = YES;
				CLANG_WARN__DUPLICATE_METHOD_MATCH = YES;
				"CODE_SIGN_IDENTITY[sdk=iphoneos*]" = "iPhone Developer";
				COPY_PHASE_STRIP = NO;
				DEBUG_INFORMATION_FORMAT = "dwarf-with-dsym";
				ENABLE_NS_ASSERTIONS = NO;
				ENABLE_STRICT_OBJC_MSGSEND = YES;
				GCC_C_LANGUAGE_STANDARD = gnu99;
				GCC_NO_COMMON_BLOCKS = YES;
				GCC_WARN_64_TO_32_BIT_CONVERSION = YES;
				GCC_WARN_ABOUT_RETURN_TYPE = YES_ERROR;
				GCC_WARN_UNDECLARED_SELECTOR = YES;
				GCC_WARN_UNINITIALIZED_AUTOS = YES_AGGRESSIVE;
				GCC_WARN_UNUSED_FUNCTION = YES;
				GCC_WARN_UNUSED_VARIABLE = YES;
				IPHONEOS_DEPLOYMENT_TARGET = 10.2;
				MTL_ENABLE_DEBUG_INFO = NO;
				SDKROOT = iphoneos;
				SWIFT_OPTIMIZATION_LEVEL = "-Owholemodule";
				TARGETED_DEVICE_FAMILY = "1,2";
				VALIDATE_PRODUCT = YES;
			};
			name = Release;
		};
		038430301E55DCB80095FA6C /* Debug */ = {
			isa = XCBuildConfiguration;
			buildSettings = {
				ASSETCATALOG_COMPILER_APPICON_NAME = AppIcon;
				DEVELOPMENT_TEAM = AS77V67DW7;
				INFOPLIST_FILE = Pokemon/Info.plist;
				LD_RUNPATH_SEARCH_PATHS = "$(inherited) @executable_path/Frameworks";
				PRODUCT_BUNDLE_IDENTIFIER = com.justinallendesigns.Pokemon;
				PRODUCT_NAME = "$(TARGET_NAME)";
				SWIFT_VERSION = 3.0;
			};
			name = Debug;
		};
		038430311E55DCB80095FA6C /* Release */ = {
			isa = XCBuildConfiguration;
			buildSettings = {
				ASSETCATALOG_COMPILER_APPICON_NAME = AppIcon;
				DEVELOPMENT_TEAM = AS77V67DW7;
				INFOPLIST_FILE = Pokemon/Info.plist;
				LD_RUNPATH_SEARCH_PATHS = "$(inherited) @executable_path/Frameworks";
				PRODUCT_BUNDLE_IDENTIFIER = com.justinallendesigns.Pokemon;
				PRODUCT_NAME = "$(TARGET_NAME)";
				SWIFT_VERSION = 3.0;
			};
			name = Release;
		};
/* End XCBuildConfiguration section */

/* Begin XCConfigurationList section */
		038430151E55DCB80095FA6C /* Build configuration list for PBXProject "Pokemon" */ = {
			isa = XCConfigurationList;
			buildConfigurations = (
				0384302D1E55DCB80095FA6C /* Debug */,
				0384302E1E55DCB80095FA6C /* Release */,
			);
			defaultConfigurationIsVisible = 0;
			defaultConfigurationName = Release;
		};
		0384302F1E55DCB80095FA6C /* Build configuration list for PBXNativeTarget "Pokemon" */ = {
			isa = XCConfigurationList;
			buildConfigurations = (
				038430301E55DCB80095FA6C /* Debug */,
				038430311E55DCB80095FA6C /* Release */,
			);
			defaultConfigurationIsVisible = 0;
		};
/* End XCConfigurationList section */

/* Begin XCVersionGroup section */
		038430241E55DCB80095FA6C /* Pokemon.xcdatamodeld */ = {
			isa = XCVersionGroup;
			children = (
				038430251E55DCB80095FA6C /* Pokemon.xcdatamodel */,
			);
			currentVersion = 038430251E55DCB80095FA6C /* Pokemon.xcdatamodel */;
			path = Pokemon.xcdatamodeld;
			sourceTree = "<group>";
			versionGroupType = wrapper.xcdatamodel;
		};
/* End XCVersionGroup section */
	};
	rootObject = 038430121E55DCB80095FA6C /* Project object */;
}
